
Microsoft Visual Studio Solution File, Format Version 12.00
# Visual Studio Version 17
VisualStudioVersion = 17.4.33110.190
MinimumVisualStudioVersion = 10.0.40219.1
Project("{FAE04EC0-301F-11D3-BF4B-00C04F79EFBC}") = "Lab9", "Lab9\Lab9.csproj", "{EACA084A-426B-40B4-BF2C-BA41B341E641}"
EndProject
Global
	GlobalSection(SolutionConfigurationPlatforms) = preSolution
		Debug|Any CPU = Debug|Any CPU
		Release|Any CPU = Release|Any CPU
	EndGlobalSection
	GlobalSection(ProjectConfigurationPlatforms) = postSolution
		{EACA084A-426B-40B4-BF2C-BA41B341E641}.Debug|Any CPU.ActiveCfg = Debug|Any CPU
		{EACA084A-426B-40B4-BF2C-BA41B341E641}.Debug|Any CPU.Build.0 = Debug|Any CPU
		{EACA084A-426B-40B4-BF2C-BA41B341E641}.Release|Any CPU.ActiveCfg = Release|Any CPU
		{EACA084A-426B-40B4-BF2C-BA41B341E641}.Release|Any CPU.Build.0 = Release|Any CPU
	EndGlobalSection
	GlobalSection(SolutionProperties) = preSolution
		HideSolutionNode = FALSE
	EndGlobalSection
	GlobalSection(ExtensibilityGlobals) = postSolution
		SolutionGuid = {53E1D522-3120-4F1A-AAC8-58A5C3E46C80}
	EndGlobalSection
EndGlobal
